
Microsoft Visual Studio Solution File, Format Version 12.00
# Visual Studio Version 16
VisualStudioVersion = 16.0.29911.84
MinimumVisualStudioVersion = 10.0.40219.1
Project("{8BC9CEB8-8B4A-11D0-8D11-00A0C91BC942}") = "Aula - 03-11-2020", "Aula - 03-11-2020\Aula - 03-11-2020.vcxproj", "{01D7CF05-DF41-420D-9163-D30D1AEA4564}"
EndProject
Project("{8BC9CEB8-8B4A-11D0-8D11-00A0C91BC942}") = "Aula - 30-10-2020", "Aula - 30-10-2020\Aula - 30-10-2020.vcxproj", "{33B606D0-EC16-4B8C-A85F-3E3672958D3C}"
EndProject
Project("{8BC9CEB8-8B4A-11D0-8D11-00A0C91BC942}") = "Aula - 10-11-2020", "Aula - 10-11-2020\Aula - 10-11-2020.vcxproj", "{3C33E6F2-A7FC-45A5-A610-0A7EC56B25C2}"
EndProject
Project("{8BC9CEB8-8B4A-11D0-8D11-00A0C91BC942}") = "Aula - 13-11-2020", "Aula - 13-11-2020\Aula - 13-11-2020.vcxproj", "{2A6E705E-A555-41CA-B469-5E5F50C472C5}"
EndProject
Project("{8BC9CEB8-8B4A-11D0-8D11-00A0C91BC942}") = "Aula - 17-11-2020", "Aula - 17-11-2020\Aula - 17-11-2020.vcxproj", "{87971B68-B6C1-4113-8600-D3043506F7A3}"
EndProject
Project("{8BC9CEB8-8B4A-11D0-8D11-00A0C91BC942}") = "Aula - 18-11-2020", "Aula - 18-11-2020\Aula - 18-11-2020.vcxproj", "{61791DF9-D916-4035-AF4B-2933CCE90F7B}"
EndProject
Project("{8BC9CEB8-8B4A-11D0-8D11-00A0C91BC942}") = "Aula - 24-11-2020", "Aula - 24-11-2020\Aula - 24-11-2020.vcxproj", "{AEF8F600-2C79-4D88-86AD-D03E31291FE7}"
EndProject
Project("{8BC9CEB8-8B4A-11D0-8D11-00A0C91BC942}") = "Aula - 24-11-2020 - Libraries", "Aula - 24-11-2020 - Libraries\Aula - 24-11-2020 - Libraries.vcxproj", "{0CFCEB11-2311-48FF-92E5-C09ABC85E68B}"
EndProject
Project("{8BC9CEB8-8B4A-11D0-8D11-00A0C91BC942}") = "Aula - 24-11-2020 - Usa Libraries", "Aula - 24-11-2020 - Usa Libraries\Aula - 24-11-2020 - Usa Libraries.vcxproj", "{9AE6E02F-DD5E-4D06-B86C-8F92061498E0}"
EndProject
Project("{8BC9CEB8-8B4A-11D0-8D11-00A0C91BC942}") = "Aula - 01-12-2020 - Dll", "Aula - 01-12-2020 - Dll\Aula - 01-12-2020 - Dll.vcxproj", "{D690BECB-CABC-442C-89E4-7E4027AC6B54}"
EndProject
Project("{8BC9CEB8-8B4A-11D0-8D11-00A0C91BC942}") = "Aula - 01-12-2020 - Usa DLL", "Aula - 01-12-2020 - Usa DLL\Aula - 01-12-2020 - Usa DLL.vcxproj", "{9B4CFE31-0AB0-4AE4-97A2-EACAEB2F7390}"
EndProject
Project("{8BC9CEB8-8B4A-11D0-8D11-00A0C91BC942}") = "Aula - 01-12-2020 - Arrays", "Aula - 01-12-2020 - Arrays\Aula - 01-12-2020 - Arrays.vcxproj", "{8F69639E-4B13-456F-BFA6-67F9AC91E3CE}"
EndProject
Project("{8BC9CEB8-8B4A-11D0-8D11-00A0C91BC942}") = "Aula - 08-12-2020 - Arrays", "Aula - 08-12-2020 - Arrays\Aula - 08-12-2020 - Arrays.vcxproj", "{EFF6E683-7E5F-44D3-9D5C-339279276355}"
EndProject
Project("{2150E333-8FDC-42A3-9474-1A3956D46DE8}") = "Aula - 05-01-20201 - Apontadores", "Aula - 05-01-20201 - Apontadores", "{DC42E20C-9815-4B70-BC3D-15A13D3C106A}"
EndProject
Project("{8BC9CEB8-8B4A-11D0-8D11-00A0C91BC942}") = "Pointers", "Aula - 05-01-2021 - Apontadores\Pointers\Pointers.vcxproj", "{3BE198A2-90FC-46A4-AA9B-EF20FB4B7EF1}"
EndProject
Project("{8BC9CEB8-8B4A-11D0-8D11-00A0C91BC942}") = "Pointers and Structs", "Aula - 05-01-2021 - Apontadores\Pointers and Structs\Pointers and Structs.vcxproj", "{C6C36A2E-5D86-413E-8BBD-4CCF0D74F8EA}"
EndProject
Project("{8BC9CEB8-8B4A-11D0-8D11-00A0C91BC942}") = "Pointers II", "Aula - 05-01-2021 - Apontadores\Pointers II\Pointers II.vcxproj", "{62E973E4-9245-4B3F-A5AD-F3C9CBBCC5DB}"
EndProject
Global
	GlobalSection(SolutionConfigurationPlatforms) = preSolution
		Debug|Any CPU = Debug|Any CPU
		Debug|x64 = Debug|x64
		Debug|x86 = Debug|x86
		Release|Any CPU = Release|Any CPU
		Release|x64 = Release|x64
		Release|x86 = Release|x86
	EndGlobalSection
	GlobalSection(ProjectConfigurationPlatforms) = postSolution
		{01D7CF05-DF41-420D-9163-D30D1AEA4564}.Debug|Any CPU.ActiveCfg = Debug|Win32
		{01D7CF05-DF41-420D-9163-D30D1AEA4564}.Debug|x64.ActiveCfg = Debug|x64
		{01D7CF05-DF41-420D-9163-D30D1AEA4564}.Debug|x64.Build.0 = Debug|x64
		{01D7CF05-DF41-420D-9163-D30D1AEA4564}.Debug|x86.ActiveCfg = Debug|Win32
		{01D7CF05-DF41-420D-9163-D30D1AEA4564}.Debug|x86.Build.0 = Debug|Win32
		{01D7CF05-DF41-420D-9163-D30D1AEA4564}.Release|Any CPU.ActiveCfg = Release|Win32
		{01D7CF05-DF41-420D-9163-D30D1AEA4564}.Release|x64.ActiveCfg = Release|x64
		{01D7CF05-DF41-420D-9163-D30D1AEA4564}.Release|x64.Build.0 = Release|x64
		{01D7CF05-DF41-420D-9163-D30D1AEA4564}.Release|x86.ActiveCfg = Release|Win32
		{01D7CF05-DF41-420D-9163-D30D1AEA4564}.Release|x86.Build.0 = Release|Win32
		{33B606D0-EC16-4B8C-A85F-3E3672958D3C}.Debug|Any CPU.ActiveCfg = Debug|Win32
		{33B606D0-EC16-4B8C-A85F-3E3672958D3C}.Debug|x64.ActiveCfg = Debug|x64
		{33B606D0-EC16-4B8C-A85F-3E3672958D3C}.Debug|x64.Build.0 = Debug|x64
		{33B606D0-EC16-4B8C-A85F-3E3672958D3C}.Debug|x86.ActiveCfg = Debug|Win32
		{33B606D0-EC16-4B8C-A85F-3E3672958D3C}.Debug|x86.Build.0 = Debug|Win32
		{33B606D0-EC16-4B8C-A85F-3E3672958D3C}.Release|Any CPU.ActiveCfg = Release|Win32
		{33B606D0-EC16-4B8C-A85F-3E3672958D3C}.Release|x64.ActiveCfg = Release|x64
		{33B606D0-EC16-4B8C-A85F-3E3672958D3C}.Release|x64.Build.0 = Release|x64
		{33B606D0-EC16-4B8C-A85F-3E3672958D3C}.Release|x86.ActiveCfg = Release|Win32
		{33B606D0-EC16-4B8C-A85F-3E3672958D3C}.Release|x86.Build.0 = Release|Win32
		{3C33E6F2-A7FC-45A5-A610-0A7EC56B25C2}.Debug|Any CPU.ActiveCfg = Debug|Win32
		{3C33E6F2-A7FC-45A5-A610-0A7EC56B25C2}.Debug|x64.ActiveCfg = Debug|x64
		{3C33E6F2-A7FC-45A5-A610-0A7EC56B25C2}.Debug|x64.Build.0 = Debug|x64
		{3C33E6F2-A7FC-45A5-A610-0A7EC56B25C2}.Debug|x86.ActiveCfg = Debug|Win32
		{3C33E6F2-A7FC-45A5-A610-0A7EC56B25C2}.Debug|x86.Build.0 = Debug|Win32
		{3C33E6F2-A7FC-45A5-A610-0A7EC56B25C2}.Release|Any CPU.ActiveCfg = Release|Win32
		{3C33E6F2-A7FC-45A5-A610-0A7EC56B25C2}.Release|x64.ActiveCfg = Release|x64
		{3C33E6F2-A7FC-45A5-A610-0A7EC56B25C2}.Release|x64.Build.0 = Release|x64
		{3C33E6F2-A7FC-45A5-A610-0A7EC56B25C2}.Release|x86.ActiveCfg = Release|Win32
		{3C33E6F2-A7FC-45A5-A610-0A7EC56B25C2}.Release|x86.Build.0 = Release|Win32
		{2A6E705E-A555-41CA-B469-5E5F50C472C5}.Debug|Any CPU.ActiveCfg = Debug|Win32
		{2A6E705E-A555-41CA-B469-5E5F50C472C5}.Debug|x64.ActiveCfg = Debug|x64
		{2A6E705E-A555-41CA-B469-5E5F50C472C5}.Debug|x64.Build.0 = Debug|x64
		{2A6E705E-A555-41CA-B469-5E5F50C472C5}.Debug|x86.ActiveCfg = Debug|Win32
		{2A6E705E-A555-41CA-B469-5E5F50C472C5}.Debug|x86.Build.0 = Debug|Win32
		{2A6E705E-A555-41CA-B469-5E5F50C472C5}.Release|Any CPU.ActiveCfg = Release|Win32
		{2A6E705E-A555-41CA-B469-5E5F50C472C5}.Release|x64.ActiveCfg = Release|x64
		{2A6E705E-A555-41CA-B469-5E5F50C472C5}.Release|x64.Build.0 = Release|x64
		{2A6E705E-A555-41CA-B469-5E5F50C472C5}.Release|x86.ActiveCfg = Release|Win32
		{2A6E705E-A555-41CA-B469-5E5F50C472C5}.Release|x86.Build.0 = Release|Win32
		{87971B68-B6C1-4113-8600-D3043506F7A3}.Debug|Any CPU.ActiveCfg = Debug|Win32
		{87971B68-B6C1-4113-8600-D3043506F7A3}.Debug|x64.ActiveCfg = Debug|x64
		{87971B68-B6C1-4113-8600-D3043506F7A3}.Debug|x64.Build.0 = Debug|x64
		{87971B68-B6C1-4113-8600-D3043506F7A3}.Debug|x86.ActiveCfg = Debug|Win32
		{87971B68-B6C1-4113-8600-D3043506F7A3}.Debug|x86.Build.0 = Debug|Win32
		{87971B68-B6C1-4113-8600-D3043506F7A3}.Release|Any CPU.ActiveCfg = Release|Win32
		{87971B68-B6C1-4113-8600-D3043506F7A3}.Release|x64.ActiveCfg = Release|x64
		{87971B68-B6C1-4113-8600-D3043506F7A3}.Release|x64.Build.0 = Release|x64
		{87971B68-B6C1-4113-8600-D3043506F7A3}.Release|x86.ActiveCfg = Release|Win32
		{87971B68-B6C1-4113-8600-D3043506F7A3}.Release|x86.Build.0 = Release|Win32
		{61791DF9-D916-4035-AF4B-2933CCE90F7B}.Debug|Any CPU.ActiveCfg = Debug|Win32
		{61791DF9-D916-4035-AF4B-2933CCE90F7B}.Debug|x64.ActiveCfg = Debug|x64
		{61791DF9-D916-4035-AF4B-2933CCE90F7B}.Debug|x64.Build.0 = Debug|x64
		{61791DF9-D916-4035-AF4B-2933CCE90F7B}.Debug|x86.ActiveCfg = Debug|Win32
		{61791DF9-D916-4035-AF4B-2933CCE90F7B}.Debug|x86.Build.0 = Debug|Win32
		{61791DF9-D916-4035-AF4B-2933CCE90F7B}.Release|Any CPU.ActiveCfg = Release|Win32
		{61791DF9-D916-4035-AF4B-2933CCE90F7B}.Release|x64.ActiveCfg = Release|x64
		{61791DF9-D916-4035-AF4B-2933CCE90F7B}.Release|x64.Build.0 = Release|x64
		{61791DF9-D916-4035-AF4B-2933CCE90F7B}.Release|x86.ActiveCfg = Release|Win32
		{61791DF9-D916-4035-AF4B-2933CCE90F7B}.Release|x86.Build.0 = Release|Win32
		{AEF8F600-2C79-4D88-86AD-D03E31291FE7}.Debug|Any CPU.ActiveCfg = Debug|Win32
		{AEF8F600-2C79-4D88-86AD-D03E31291FE7}.Debug|x64.ActiveCfg = Debug|x64
		{AEF8F600-2C79-4D88-86AD-D03E31291FE7}.Debug|x64.Build.0 = Debug|x64
		{AEF8F600-2C79-4D88-86AD-D03E31291FE7}.Debug|x86.ActiveCfg = Debug|Win32
		{AEF8F600-2C79-4D88-86AD-D03E31291FE7}.Debug|x86.Build.0 = Debug|Win32
		{AEF8F600-2C79-4D88-86AD-D03E31291FE7}.Release|Any CPU.ActiveCfg = Release|Win32
		{AEF8F600-2C79-4D88-86AD-D03E31291FE7}.Release|x64.ActiveCfg = Release|x64
		{AEF8F600-2C79-4D88-86AD-D03E31291FE7}.Release|x64.Build.0 = Release|x64
		{AEF8F600-2C79-4D88-86AD-D03E31291FE7}.Release|x86.ActiveCfg = Release|Win32
		{AEF8F600-2C79-4D88-86AD-D03E31291FE7}.Release|x86.Build.0 = Release|Win32
		{0CFCEB11-2311-48FF-92E5-C09ABC85E68B}.Debug|Any CPU.ActiveCfg = Debug|Win32
		{0CFCEB11-2311-48FF-92E5-C09ABC85E68B}.Debug|x64.ActiveCfg = Debug|x64
		{0CFCEB11-2311-48FF-92E5-C09ABC85E68B}.Debug|x64.Build.0 = Debug|x64
		{0CFCEB11-2311-48FF-92E5-C09ABC85E68B}.Debug|x86.ActiveCfg = Debug|Win32
		{0CFCEB11-2311-48FF-92E5-C09ABC85E68B}.Debug|x86.Build.0 = Debug|Win32
		{0CFCEB11-2311-48FF-92E5-C09ABC85E68B}.Release|Any CPU.ActiveCfg = Release|Win32
		{0CFCEB11-2311-48FF-92E5-C09ABC85E68B}.Release|x64.ActiveCfg = Release|x64
		{0CFCEB11-2311-48FF-92E5-C09ABC85E68B}.Release|x64.Build.0 = Release|x64
		{0CFCEB11-2311-48FF-92E5-C09ABC85E68B}.Release|x86.ActiveCfg = Release|Win32
		{0CFCEB11-2311-48FF-92E5-C09ABC85E68B}.Release|x86.Build.0 = Release|Win32
		{9AE6E02F-DD5E-4D06-B86C-8F92061498E0}.Debug|Any CPU.ActiveCfg = Debug|Win32
		{9AE6E02F-DD5E-4D06-B86C-8F92061498E0}.Debug|x64.ActiveCfg = Debug|x64
		{9AE6E02F-DD5E-4D06-B86C-8F92061498E0}.Debug|x64.Build.0 = Debug|x64
		{9AE6E02F-DD5E-4D06-B86C-8F92061498E0}.Debug|x86.ActiveCfg = Debug|Win32
		{9AE6E02F-DD5E-4D06-B86C-8F92061498E0}.Debug|x86.Build.0 = Debug|Win32
		{9AE6E02F-DD5E-4D06-B86C-8F92061498E0}.Release|Any CPU.ActiveCfg = Release|Win32
		{9AE6E02F-DD5E-4D06-B86C-8F92061498E0}.Release|x64.ActiveCfg = Release|x64
		{9AE6E02F-DD5E-4D06-B86C-8F92061498E0}.Release|x64.Build.0 = Release|x64
		{9AE6E02F-DD5E-4D06-B86C-8F92061498E0}.Release|x86.ActiveCfg = Release|Win32
		{9AE6E02F-DD5E-4D06-B86C-8F92061498E0}.Release|x86.Build.0 = Release|Win32
		{D690BECB-CABC-442C-89E4-7E4027AC6B54}.Debug|Any CPU.ActiveCfg = Debug|Win32
		{D690BECB-CABC-442C-89E4-7E4027AC6B54}.Debug|x64.ActiveCfg = Debug|x64
		{D690BECB-CABC-442C-89E4-7E4027AC6B54}.Debug|x64.Build.0 = Debug|x64
		{D690BECB-CABC-442C-89E4-7E4027AC6B54}.Debug|x86.ActiveCfg = Debug|Win32
		{D690BECB-CABC-442C-89E4-7E4027AC6B54}.Debug|x86.Build.0 = Debug|Win32
		{D690BECB-CABC-442C-89E4-7E4027AC6B54}.Release|Any CPU.ActiveCfg = Release|Win32
		{D690BECB-CABC-442C-89E4-7E4027AC6B54}.Release|x64.ActiveCfg = Release|x64
		{D690BECB-CABC-442C-89E4-7E4027AC6B54}.Release|x64.Build.0 = Release|x64
		{D690BECB-CABC-442C-89E4-7E4027AC6B54}.Release|x86.ActiveCfg = Release|Win32
		{D690BECB-CABC-442C-89E4-7E4027AC6B54}.Release|x86.Build.0 = Release|Win32
		{9B4CFE31-0AB0-4AE4-97A2-EACAEB2F7390}.Debug|Any CPU.ActiveCfg = Debug|Win32
		{9B4CFE31-0AB0-4AE4-97A2-EACAEB2F7390}.Debug|x64.ActiveCfg = Debug|x64
		{9B4CFE31-0AB0-4AE4-97A2-EACAEB2F7390}.Debug|x64.Build.0 = Debug|x64
		{9B4CFE31-0AB0-4AE4-97A2-EACAEB2F7390}.Debug|x86.ActiveCfg = Debug|Win32
		{9B4CFE31-0AB0-4AE4-97A2-EACAEB2F7390}.Debug|x86.Build.0 = Debug|Win32
		{9B4CFE31-0AB0-4AE4-97A2-EACAEB2F7390}.Release|Any CPU.ActiveCfg = Release|Win32
		{9B4CFE31-0AB0-4AE4-97A2-EACAEB2F7390}.Release|x64.ActiveCfg = Release|x64
		{9B4CFE31-0AB0-4AE4-97A2-EACAEB2F7390}.Release|x64.Build.0 = Release|x64
		{9B4CFE31-0AB0-4AE4-97A2-EACAEB2F7390}.Release|x86.ActiveCfg = Release|Win32
		{9B4CFE31-0AB0-4AE4-97A2-EACAEB2F7390}.Release|x86.Build.0 = Release|Win32
		{8F69639E-4B13-456F-BFA6-67F9AC91E3CE}.Debug|Any CPU.ActiveCfg = Debug|Win32
		{8F69639E-4B13-456F-BFA6-67F9AC91E3CE}.Debug|x64.ActiveCfg = Debug|x64
		{8F69639E-4B13-456F-BFA6-67F9AC91E3CE}.Debug|x64.Build.0 = Debug|x64
		{8F69639E-4B13-456F-BFA6-67F9AC91E3CE}.Debug|x86.ActiveCfg = Debug|Win32
		{8F69639E-4B13-456F-BFA6-67F9AC91E3CE}.Debug|x86.Build.0 = Debug|Win32
		{8F69639E-4B13-456F-BFA6-67F9AC91E3CE}.Release|Any CPU.ActiveCfg = Release|Win32
		{8F69639E-4B13-456F-BFA6-67F9AC91E3CE}.Release|x64.ActiveCfg = Release|x64
		{8F69639E-4B13-456F-BFA6-67F9AC91E3CE}.Release|x64.Build.0 = Release|x64
		{8F69639E-4B13-456F-BFA6-67F9AC91E3CE}.Release|x86.ActiveCfg = Release|Win32
		{8F69639E-4B13-456F-BFA6-67F9AC91E3CE}.Release|x86.Build.0 = Release|Win32
		{EFF6E683-7E5F-44D3-9D5C-339279276355}.Debug|Any CPU.ActiveCfg = Debug|Win32
		{EFF6E683-7E5F-44D3-9D5C-339279276355}.Debug|x64.ActiveCfg = Debug|x64
		{EFF6E683-7E5F-44D3-9D5C-339279276355}.Debug|x64.Build.0 = Debug|x64
		{EFF6E683-7E5F-44D3-9D5C-339279276355}.Debug|x86.ActiveCfg = Debug|Win32
		{EFF6E683-7E5F-44D3-9D5C-339279276355}.Debug|x86.Build.0 = Debug|Win32
		{EFF6E683-7E5F-44D3-9D5C-339279276355}.Release|Any CPU.ActiveCfg = Release|Win32
		{EFF6E683-7E5F-44D3-9D5C-339279276355}.Release|x64.ActiveCfg = Release|x64
		{EFF6E683-7E5F-44D3-9D5C-339279276355}.Release|x64.Build.0 = Release|x64
		{EFF6E683-7E5F-44D3-9D5C-339279276355}.Release|x86.ActiveCfg = Release|Win32
		{EFF6E683-7E5F-44D3-9D5C-339279276355}.Release|x86.Build.0 = Release|Win32
		{3BE198A2-90FC-46A4-AA9B-EF20FB4B7EF1}.Debug|Any CPU.ActiveCfg = Debug|Win32
		{3BE198A2-90FC-46A4-AA9B-EF20FB4B7EF1}.Debug|x64.ActiveCfg = Debug|x64
		{3BE198A2-90FC-46A4-AA9B-EF20FB4B7EF1}.Debug|x64.Build.0 = Debug|x64
		{3BE198A2-90FC-46A4-AA9B-EF20FB4B7EF1}.Debug|x86.ActiveCfg = Debug|Win32
		{3BE198A2-90FC-46A4-AA9B-EF20FB4B7EF1}.Debug|x86.Build.0 = Debug|Win32
		{3BE198A2-90FC-46A4-AA9B-EF20FB4B7EF1}.Release|Any CPU.ActiveCfg = Release|Win32
		{3BE198A2-90FC-46A4-AA9B-EF20FB4B7EF1}.Release|x64.ActiveCfg = Release|x64
		{3BE198A2-90FC-46A4-AA9B-EF20FB4B7EF1}.Release|x64.Build.0 = Release|x64
		{3BE198A2-90FC-46A4-AA9B-EF20FB4B7EF1}.Release|x86.ActiveCfg = Release|Win32
		{3BE198A2-90FC-46A4-AA9B-EF20FB4B7EF1}.Release|x86.Build.0 = Release|Win32
		{C6C36A2E-5D86-413E-8BBD-4CCF0D74F8EA}.Debug|Any CPU.ActiveCfg = Debug|Win32
		{C6C36A2E-5D86-413E-8BBD-4CCF0D74F8EA}.Debug|x64.ActiveCfg = Debug|x64
		{C6C36A2E-5D86-413E-8BBD-4CCF0D74F8EA}.Debug|x64.Build.0 = Debug|x64
		{C6C36A2E-5D86-413E-8BBD-4CCF0D74F8EA}.Debug|x86.ActiveCfg = Debug|Win32
		{C6C36A2E-5D86-413E-8BBD-4CCF0D74F8EA}.Debug|x86.Build.0 = Debug|Win32
		{C6C36A2E-5D86-413E-8BBD-4CCF0D74F8EA}.Release|Any CPU.ActiveCfg = Release|Win32
		{C6C36A2E-5D86-413E-8BBD-4CCF0D74F8EA}.Release|x64.ActiveCfg = Release|x64
		{C6C36A2E-5D86-413E-8BBD-4CCF0D74F8EA}.Release|x64.Build.0 = Release|x64
		{C6C36A2E-5D86-413E-8BBD-4CCF0D74F8EA}.Release|x86.ActiveCfg = Release|Win32
		{C6C36A2E-5D86-413E-8BBD-4CCF0D74F8EA}.Release|x86.Build.0 = Release|Win32
		{62E973E4-9245-4B3F-A5AD-F3C9CBBCC5DB}.Debug|Any CPU.ActiveCfg = Debug|Win32
		{62E973E4-9245-4B3F-A5AD-F3C9CBBCC5DB}.Debug|x64.ActiveCfg = Debug|x64
		{62E973E4-9245-4B3F-A5AD-F3C9CBBCC5DB}.Debug|x64.Build.0 = Debug|x64
		{62E973E4-9245-4B3F-A5AD-F3C9CBBCC5DB}.Debug|x86.ActiveCfg = Debug|Win32
		{62E973E4-9245-4B3F-A5AD-F3C9CBBCC5DB}.Debug|x86.Build.0 = Debug|Win32
		{62E973E4-9245-4B3F-A5AD-F3C9CBBCC5DB}.Release|Any CPU.ActiveCfg = Release|Win32
		{62E973E4-9245-4B3F-A5AD-F3C9CBBCC5DB}.Release|x64.ActiveCfg = Release|x64
		{62E973E4-9245-4B3F-A5AD-F3C9CBBCC5DB}.Release|x64.Build.0 = Release|x64
		{62E973E4-9245-4B3F-A5AD-F3C9CBBCC5DB}.Release|x86.ActiveCfg = Release|Win32
		{62E973E4-9245-4B3F-A5AD-F3C9CBBCC5DB}.Release|x86.Build.0 = Release|Win32
	EndGlobalSection
	GlobalSection(SolutionProperties) = preSolution
		HideSolutionNode = FALSE
	EndGlobalSection
	GlobalSection(NestedProjects) = preSolution
		{3BE198A2-90FC-46A4-AA9B-EF20FB4B7EF1} = {DC42E20C-9815-4B70-BC3D-15A13D3C106A}
		{C6C36A2E-5D86-413E-8BBD-4CCF0D74F8EA} = {DC42E20C-9815-4B70-BC3D-15A13D3C106A}
		{62E973E4-9245-4B3F-A5AD-F3C9CBBCC5DB} = {DC42E20C-9815-4B70-BC3D-15A13D3C106A}
	EndGlobalSection
	GlobalSection(ExtensibilityGlobals) = postSolution
		SolutionGuid = {CF6D5125-0406-4B87-B199-C96D88DDFCCB}
	EndGlobalSection
EndGlobal
